// !$*UTF8*$!
{
	archiveVersion = 1;
	classes = {
	};
	objectVersion = 55;
	objects = {

/* Begin PBXBuildFile section */
		2F43CE922938E654006BE2EC /* DropDownMenuView.swift in Sources */ = {isa = PBXBuildFile; fileRef = 2F43CE912938E654006BE2EC /* DropDownMenuView.swift */; };
		D20A343328E4868800409FFE /* TransactionModal.swift in Sources */ = {isa = PBXBuildFile; fileRef = D20A343228E4868800409FFE /* TransactionModal.swift */; };
		D20A7A8028A6DB0F0084B931 /* TransactionExpenses.swift in Sources */ = {isa = PBXBuildFile; fileRef = D20A7A7F28A6DB0F0084B931 /* TransactionExpenses.swift */; };
		D21030C42940037800C22201 /* CategoriesView.swift in Sources */ = {isa = PBXBuildFile; fileRef = D21030C32940037800C22201 /* CategoriesView.swift */; };
		D22F2341289EF32D00FFEC38 /* SwiftUICharts in Frameworks */ = {isa = PBXBuildFile; productRef = D22F2340289EF32D00FFEC38 /* SwiftUICharts */; };
		D23079C828B3A2B100A24D1D /* BottomNavbarItem.swift in Sources */ = {isa = PBXBuildFile; fileRef = D23079C728B3A2B100A24D1D /* BottomNavbarItem.swift */; };
		D246163B2944B728007D3433 /* RegisterType.swift in Sources */ = {isa = PBXBuildFile; fileRef = D246163A2944B728007D3433 /* RegisterType.swift */; };
		D247CF13289A9C2600C76FB6 /* RecentTransactionList.swift in Sources */ = {isa = PBXBuildFile; fileRef = D247CF12289A9C2600C76FB6 /* RecentTransactionList.swift */; };
		D24C036B295B3028003A5884 /* ModalDateView.swift in Sources */ = {isa = PBXBuildFile; fileRef = D24C036A295B3028003A5884 /* ModalDateView.swift */; };
		D24C036F295B8225003A5884 /* DateValue.swift in Sources */ = {isa = PBXBuildFile; fileRef = D24C036E295B8225003A5884 /* DateValue.swift */; };
		D287168F28E7645900ABE32F /* HomePageView.swift in Sources */ = {isa = PBXBuildFile; fileRef = D287168E28E7645900ABE32F /* HomePageView.swift */; };
		D294E3B72936DDF50083DC05 /* CustomCornerModel.swift in Sources */ = {isa = PBXBuildFile; fileRef = D294E3B62936DDF50083DC05 /* CustomCornerModel.swift */; };
		D2A03FD62897F35400EE2067 /* TransactionRow.swift in Sources */ = {isa = PBXBuildFile; fileRef = D2A03FD52897F35400EE2067 /* TransactionRow.swift */; };
		D2A03FD928984C5100EE2067 /* SwiftUIFontIcon in Frameworks */ = {isa = PBXBuildFile; productRef = D2A03FD828984C5100EE2067 /* SwiftUIFontIcon */; };
		D2A83F3C289D9B200094EB52 /* TransactionsList.swift in Sources */ = {isa = PBXBuildFile; fileRef = D2A83F3B289D9B200094EB52 /* TransactionsList.swift */; };
		D2A83F3F289DAAC50094EB52 /* Collections in Frameworks */ = {isa = PBXBuildFile; productRef = D2A83F3E289DAAC50094EB52 /* Collections */; };
		D2B1BB7C28942B470053419C /* TransactionModel.swift in Sources */ = {isa = PBXBuildFile; fileRef = D2B1BB7B28942B470053419C /* TransactionModel.swift */; };
		D2B1BB7E289476700053419C /* PreviewData.swift in Sources */ = {isa = PBXBuildFile; fileRef = D2B1BB7D289476700053419C /* PreviewData.swift */; };
		D2CFA1F42892C24600AE5981 /* FinancialApp.swift in Sources */ = {isa = PBXBuildFile; fileRef = D2CFA1F32892C24600AE5981 /* FinancialApp.swift */; };
		D2CFA1F62892C24600AE5981 /* ContentView.swift in Sources */ = {isa = PBXBuildFile; fileRef = D2CFA1F52892C24600AE5981 /* ContentView.swift */; };
		D2CFA1F82892C24800AE5981 /* Assets.xcassets in Resources */ = {isa = PBXBuildFile; fileRef = D2CFA1F72892C24800AE5981 /* Assets.xcassets */; };
		D2CFA1FB2892C24800AE5981 /* Preview Assets.xcassets in Resources */ = {isa = PBXBuildFile; fileRef = D2CFA1FA2892C24800AE5981 /* Preview Assets.xcassets */; };
		D2CFA2052892C24800AE5981 /* FinancialAppTests.swift in Sources */ = {isa = PBXBuildFile; fileRef = D2CFA2042892C24800AE5981 /* FinancialAppTests.swift */; };
		D2CFA20F2892C24800AE5981 /* FinancialAppUITests.swift in Sources */ = {isa = PBXBuildFile; fileRef = D2CFA20E2892C24800AE5981 /* FinancialAppUITests.swift */; };
		D2CFA2112892C24800AE5981 /* FinancialAppUITestsLaunchTests.swift in Sources */ = {isa = PBXBuildFile; fileRef = D2CFA2102892C24800AE5981 /* FinancialAppUITestsLaunchTests.swift */; };
		D2CFA21E289323FA00AE5981 /* Extensions.swift in Sources */ = {isa = PBXBuildFile; fileRef = D2CFA21D289323FA00AE5981 /* Extensions.swift */; };
		D2D63FCB28994EFE00D9D3D3 /* TransactionListViewModel.swift in Sources */ = {isa = PBXBuildFile; fileRef = D2D63FCA28994EFE00D9D3D3 /* TransactionListViewModel.swift */; };
		D2DF62E828A40257004336D6 /* TransactionBalance.swift in Sources */ = {isa = PBXBuildFile; fileRef = D2DF62E728A40257004336D6 /* TransactionBalance.swift */; };
		D2E1B61129574F46001CC8D0 /* CategoryId.swift in Sources */ = {isa = PBXBuildFile; fileRef = D2E1B61029574F46001CC8D0 /* CategoryId.swift */; };
		D2E3FE28293E69970039A486 /* ModalSheetView.swift in Sources */ = {isa = PBXBuildFile; fileRef = D2E3FE27293E69970039A486 /* ModalSheetView.swift */; };
		D2EAE3B628E76B0900E89B1B /* RoutePages.swift in Sources */ = {isa = PBXBuildFile; fileRef = D2EAE3B528E76B0900E89B1B /* RoutePages.swift */; };
/* End PBXBuildFile section */

/* Begin PBXContainerItemProxy section */
		D2CFA2012892C24800AE5981 /* PBXContainerItemProxy */ = {
			isa = PBXContainerItemProxy;
			containerPortal = D2CFA1E82892C24600AE5981 /* Project object */;
			proxyType = 1;
			remoteGlobalIDString = D2CFA1EF2892C24600AE5981;
			remoteInfo = FinancialApp;
		};
		D2CFA20B2892C24800AE5981 /* PBXContainerItemProxy */ = {
			isa = PBXContainerItemProxy;
			containerPortal = D2CFA1E82892C24600AE5981 /* Project object */;
			proxyType = 1;
			remoteGlobalIDString = D2CFA1EF2892C24600AE5981;
			remoteInfo = FinancialApp;
		};
/* End PBXContainerItemProxy section */

/* Begin PBXFileReference section */
		2F1B38C028CFF7470074566F /* FinancialAppTests.xctest */ = {isa = PBXFileReference; explicitFileType = wrapper.cfbundle; includeInIndex = 0; path = FinancialAppTests.xctest; sourceTree = BUILT_PRODUCTS_DIR; };
		2F1B38C128CFF7470074566F /* FinancialAppUITests.xctest */ = {isa = PBXFileReference; explicitFileType = wrapper.cfbundle; includeInIndex = 0; path = FinancialAppUITests.xctest; sourceTree = BUILT_PRODUCTS_DIR; };
		2F43CE912938E654006BE2EC /* DropDownMenuView.swift */ = {isa = PBXFileReference; lastKnownFileType = sourcecode.swift; path = DropDownMenuView.swift; sourceTree = "<group>"; };
		2FC6A0F728C9282300783E24 /* FinancialApp.app */ = {isa = PBXFileReference; explicitFileType = wrapper.application; includeInIndex = 0; path = FinancialApp.app; sourceTree = BUILT_PRODUCTS_DIR; };
		D20A343228E4868800409FFE /* TransactionModal.swift */ = {isa = PBXFileReference; lastKnownFileType = sourcecode.swift; path = TransactionModal.swift; sourceTree = "<group>"; };
		D20A7A7F28A6DB0F0084B931 /* TransactionExpenses.swift */ = {isa = PBXFileReference; lastKnownFileType = sourcecode.swift; path = TransactionExpenses.swift; sourceTree = "<group>"; };
		D21030C32940037800C22201 /* CategoriesView.swift */ = {isa = PBXFileReference; lastKnownFileType = sourcecode.swift; path = CategoriesView.swift; sourceTree = "<group>"; };
		D23079C728B3A2B100A24D1D /* BottomNavbarItem.swift */ = {isa = PBXFileReference; lastKnownFileType = sourcecode.swift; path = BottomNavbarItem.swift; sourceTree = "<group>"; };
		D246163A2944B728007D3433 /* RegisterType.swift */ = {isa = PBXFileReference; lastKnownFileType = sourcecode.swift; path = RegisterType.swift; sourceTree = "<group>"; };
		D247CF12289A9C2600C76FB6 /* RecentTransactionList.swift */ = {isa = PBXFileReference; lastKnownFileType = sourcecode.swift; path = RecentTransactionList.swift; sourceTree = "<group>"; };
		D24C036A295B3028003A5884 /* ModalDateView.swift */ = {isa = PBXFileReference; lastKnownFileType = sourcecode.swift; path = ModalDateView.swift; sourceTree = "<group>"; };
		D24C036E295B8225003A5884 /* DateValue.swift */ = {isa = PBXFileReference; lastKnownFileType = sourcecode.swift; path = DateValue.swift; sourceTree = "<group>"; };
		D287168E28E7645900ABE32F /* HomePageView.swift */ = {isa = PBXFileReference; lastKnownFileType = sourcecode.swift; path = HomePageView.swift; sourceTree = "<group>"; };
		D294E3B62936DDF50083DC05 /* CustomCornerModel.swift */ = {isa = PBXFileReference; lastKnownFileType = sourcecode.swift; path = CustomCornerModel.swift; sourceTree = "<group>"; };
		D2A03FD52897F35400EE2067 /* TransactionRow.swift */ = {isa = PBXFileReference; lastKnownFileType = sourcecode.swift; path = TransactionRow.swift; sourceTree = "<group>"; };
		D2A83F3B289D9B200094EB52 /* TransactionsList.swift */ = {isa = PBXFileReference; lastKnownFileType = sourcecode.swift; path = TransactionsList.swift; sourceTree = "<group>"; };
		D2B1BB7B28942B470053419C /* TransactionModel.swift */ = {isa = PBXFileReference; lastKnownFileType = sourcecode.swift; path = TransactionModel.swift; sourceTree = "<group>"; };
		D2B1BB7D289476700053419C /* PreviewData.swift */ = {isa = PBXFileReference; lastKnownFileType = sourcecode.swift; path = PreviewData.swift; sourceTree = "<group>"; };
		D2CFA1F32892C24600AE5981 /* FinancialApp.swift */ = {isa = PBXFileReference; lastKnownFileType = sourcecode.swift; path = FinancialApp.swift; sourceTree = "<group>"; };
		D2CFA1F52892C24600AE5981 /* ContentView.swift */ = {isa = PBXFileReference; lastKnownFileType = sourcecode.swift; path = ContentView.swift; sourceTree = "<group>"; };
		D2CFA1F72892C24800AE5981 /* Assets.xcassets */ = {isa = PBXFileReference; lastKnownFileType = folder.assetcatalog; path = Assets.xcassets; sourceTree = "<group>"; };
		D2CFA1FA2892C24800AE5981 /* Preview Assets.xcassets */ = {isa = PBXFileReference; lastKnownFileType = folder.assetcatalog; path = "Preview Assets.xcassets"; sourceTree = "<group>"; };
		D2CFA2042892C24800AE5981 /* FinancialAppTests.swift */ = {isa = PBXFileReference; lastKnownFileType = sourcecode.swift; path = FinancialAppTests.swift; sourceTree = "<group>"; };
		D2CFA20E2892C24800AE5981 /* FinancialAppUITests.swift */ = {isa = PBXFileReference; lastKnownFileType = sourcecode.swift; path = FinancialAppUITests.swift; sourceTree = "<group>"; };
		D2CFA2102892C24800AE5981 /* FinancialAppUITestsLaunchTests.swift */ = {isa = PBXFileReference; lastKnownFileType = sourcecode.swift; path = FinancialAppUITestsLaunchTests.swift; sourceTree = "<group>"; };
		D2CFA21D289323FA00AE5981 /* Extensions.swift */ = {isa = PBXFileReference; lastKnownFileType = sourcecode.swift; path = Extensions.swift; sourceTree = "<group>"; };
		D2D63FCA28994EFE00D9D3D3 /* TransactionListViewModel.swift */ = {isa = PBXFileReference; lastKnownFileType = sourcecode.swift; path = TransactionListViewModel.swift; sourceTree = "<group>"; };
		D2DF62E728A40257004336D6 /* TransactionBalance.swift */ = {isa = PBXFileReference; lastKnownFileType = sourcecode.swift; path = TransactionBalance.swift; sourceTree = "<group>"; };
		D2E1B61029574F46001CC8D0 /* CategoryId.swift */ = {isa = PBXFileReference; lastKnownFileType = sourcecode.swift; path = CategoryId.swift; sourceTree = "<group>"; };
		D2E3FE27293E69970039A486 /* ModalSheetView.swift */ = {isa = PBXFileReference; lastKnownFileType = sourcecode.swift; path = ModalSheetView.swift; sourceTree = "<group>"; };
		D2EAE3B528E76B0900E89B1B /* RoutePages.swift */ = {isa = PBXFileReference; lastKnownFileType = sourcecode.swift; path = RoutePages.swift; sourceTree = "<group>"; };
/* End PBXFileReference section */

/* Begin PBXFrameworksBuildPhase section */
		D2CFA1ED2892C24600AE5981 /* Frameworks */ = {
			isa = PBXFrameworksBuildPhase;
			buildActionMask = 2147483647;
			files = (
				D22F2341289EF32D00FFEC38 /* SwiftUICharts in Frameworks */,
				D2A83F3F289DAAC50094EB52 /* Collections in Frameworks */,
				D2A03FD928984C5100EE2067 /* SwiftUIFontIcon in Frameworks */,
			);
			runOnlyForDeploymentPostprocessing = 0;
		};
		D2CFA1FD2892C24800AE5981 /* Frameworks */ = {
			isa = PBXFrameworksBuildPhase;
			buildActionMask = 2147483647;
			files = (
			);
			runOnlyForDeploymentPostprocessing = 0;
		};
		D2CFA2072892C24800AE5981 /* Frameworks */ = {
			isa = PBXFrameworksBuildPhase;
			buildActionMask = 2147483647;
			files = (
			);
			runOnlyForDeploymentPostprocessing = 0;
		};
/* End PBXFrameworksBuildPhase section */

/* Begin PBXGroup section */
		D2180D33293171650024F4BE /* routes */ = {
			isa = PBXGroup;
			children = (
				D2EAE3B528E76B0900E89B1B /* RoutePages.swift */,
			);
			path = routes;
			sourceTree = "<group>";
		};
		D2180D34293171A40024F4BE /* stores */ = {
			isa = PBXGroup;
			children = (
				D2CFA21D289323FA00AE5981 /* Extensions.swift */,
			);
			path = stores;
			sourceTree = "<group>";
		};
		D23CF4C8292FED19002DD8CA /* views */ = {
			isa = PBXGroup;
			children = (
				D20A343228E4868800409FFE /* TransactionModal.swift */,
				D287168E28E7645900ABE32F /* HomePageView.swift */,
				D2A03FD52897F35400EE2067 /* TransactionRow.swift */,
				D247CF12289A9C2600C76FB6 /* RecentTransactionList.swift */,
				D2A83F3B289D9B200094EB52 /* TransactionsList.swift */,
				D2DF62E728A40257004336D6 /* TransactionBalance.swift */,
				D23079C728B3A2B100A24D1D /* BottomNavbarItem.swift */,
				D20A7A7F28A6DB0F0084B931 /* TransactionExpenses.swift */,
				2F43CE912938E654006BE2EC /* DropDownMenuView.swift */,
				D2E3FE27293E69970039A486 /* ModalSheetView.swift */,
				D21030C32940037800C22201 /* CategoriesView.swift */,
				D24C036A295B3028003A5884 /* ModalDateView.swift */,
			);
			path = views;
			sourceTree = "<group>";
		};
		D23CF4C9292FEE63002DD8CA /* models */ = {
			isa = PBXGroup;
			children = (
				D2D63FCA28994EFE00D9D3D3 /* TransactionListViewModel.swift */,
				D2B1BB7B28942B470053419C /* TransactionModel.swift */,
				D294E3B62936DDF50083DC05 /* CustomCornerModel.swift */,
			);
			path = models;
			sourceTree = "<group>";
		};
		D24616392944B6E7007D3433 /* utills */ = {
			isa = PBXGroup;
			children = (
				D246163A2944B728007D3433 /* RegisterType.swift */,
				D2E1B61029574F46001CC8D0 /* CategoryId.swift */,
				D24C036E295B8225003A5884 /* DateValue.swift */,
			);
			path = utills;
			sourceTree = "<group>";
		};
		D2CFA1E72892C24600AE5981 = {
			isa = PBXGroup;
			children = (
				D2CFA1F22892C24600AE5981 /* FinancialApp */,
				D2CFA2032892C24800AE5981 /* FinancialAppTests */,
				D2CFA20D2892C24800AE5981 /* FinancialAppUITests */,
				2FC6A0F728C9282300783E24 /* FinancialApp.app */,
				2F1B38C028CFF7470074566F /* FinancialAppTests.xctest */,
				2F1B38C128CFF7470074566F /* FinancialAppUITests.xctest */,
			);
			sourceTree = "<group>";
		};
		D2CFA1F22892C24600AE5981 /* FinancialApp */ = {
			isa = PBXGroup;
			children = (
				D24616392944B6E7007D3433 /* utills */,
				D2CFA1F72892C24800AE5981 /* Assets.xcassets */,
				D2180D34293171A40024F4BE /* stores */,
				D2180D33293171650024F4BE /* routes */,
				D23CF4C9292FEE63002DD8CA /* models */,
				D23CF4C8292FED19002DD8CA /* views */,
				D2CFA1F32892C24600AE5981 /* FinancialApp.swift */,
				D2CFA1F52892C24600AE5981 /* ContentView.swift */,
				D2CFA1F92892C24800AE5981 /* Preview Content */,
			);
			path = FinancialApp;
			sourceTree = "<group>";
		};
		D2CFA1F92892C24800AE5981 /* Preview Content */ = {
			isa = PBXGroup;
			children = (
				D2CFA1FA2892C24800AE5981 /* Preview Assets.xcassets */,
				D2B1BB7D289476700053419C /* PreviewData.swift */,
			);
			path = "Preview Content";
			sourceTree = "<group>";
		};
		D2CFA2032892C24800AE5981 /* FinancialAppTests */ = {
			isa = PBXGroup;
			children = (
				D2CFA2042892C24800AE5981 /* FinancialAppTests.swift */,
			);
			path = FinancialAppTests;
			sourceTree = "<group>";
		};
		D2CFA20D2892C24800AE5981 /* FinancialAppUITests */ = {
			isa = PBXGroup;
			children = (
				D2CFA20E2892C24800AE5981 /* FinancialAppUITests.swift */,
				D2CFA2102892C24800AE5981 /* FinancialAppUITestsLaunchTests.swift */,
			);
			path = FinancialAppUITests;
			sourceTree = "<group>";
		};
/* End PBXGroup section */

/* Begin PBXNativeTarget section */
		D2CFA1EF2892C24600AE5981 /* FinancialApp */ = {
			isa = PBXNativeTarget;
			buildConfigurationList = D2CFA2142892C24800AE5981 /* Build configuration list for PBXNativeTarget "FinancialApp" */;
			buildPhases = (
				D2CFA1EC2892C24600AE5981 /* Sources */,
				D2CFA1ED2892C24600AE5981 /* Frameworks */,
				D2CFA1EE2892C24600AE5981 /* Resources */,
			);
			buildRules = (
			);
			dependencies = (
			);
			name = FinancialApp;
			packageProductDependencies = (
				D2A03FD828984C5100EE2067 /* SwiftUIFontIcon */,
				D2A83F3E289DAAC50094EB52 /* Collections */,
				D22F2340289EF32D00FFEC38 /* SwiftUICharts */,
			);
			productName = FinancialApp;
			productReference = 2FC6A0F728C9282300783E24 /* FinancialApp.app */;
			productType = "com.apple.product-type.application";
		};
		D2CFA1FF2892C24800AE5981 /* FinancialAppTests */ = {
			isa = PBXNativeTarget;
			buildConfigurationList = D2CFA2172892C24800AE5981 /* Build configuration list for PBXNativeTarget "FinancialAppTests" */;
			buildPhases = (
				D2CFA1FC2892C24800AE5981 /* Sources */,
				D2CFA1FD2892C24800AE5981 /* Frameworks */,
				D2CFA1FE2892C24800AE5981 /* Resources */,
			);
			buildRules = (
			);
			dependencies = (
				D2CFA2022892C24800AE5981 /* PBXTargetDependency */,
			);
			name = FinancialAppTests;
			productName = FinancialAppTests;
			productReference = 2F1B38C028CFF7470074566F /* FinancialAppTests.xctest */;
			productType = "com.apple.product-type.bundle.unit-test";
		};
		D2CFA2092892C24800AE5981 /* FinancialAppUITests */ = {
			isa = PBXNativeTarget;
			buildConfigurationList = D2CFA21A2892C24800AE5981 /* Build configuration list for PBXNativeTarget "FinancialAppUITests" */;
			buildPhases = (
				D2CFA2062892C24800AE5981 /* Sources */,
				D2CFA2072892C24800AE5981 /* Frameworks */,
				D2CFA2082892C24800AE5981 /* Resources */,
			);
			buildRules = (
			);
			dependencies = (
				D2CFA20C2892C24800AE5981 /* PBXTargetDependency */,
			);
			name = FinancialAppUITests;
			productName = FinancialAppUITests;
			productReference = 2F1B38C128CFF7470074566F /* FinancialAppUITests.xctest */;
			productType = "com.apple.product-type.bundle.ui-testing";
		};
/* End PBXNativeTarget section */

/* Begin PBXProject section */
		D2CFA1E82892C24600AE5981 /* Project object */ = {
			isa = PBXProject;
			attributes = {
				BuildIndependentTargetsInParallel = 1;
				LastSwiftUpdateCheck = 1340;
				LastUpgradeCheck = 1340;
				TargetAttributes = {
					D2CFA1EF2892C24600AE5981 = {
						CreatedOnToolsVersion = 13.4.1;
					};
					D2CFA1FF2892C24800AE5981 = {
						CreatedOnToolsVersion = 13.4.1;
						TestTargetID = D2CFA1EF2892C24600AE5981;
					};
					D2CFA2092892C24800AE5981 = {
						CreatedOnToolsVersion = 13.4.1;
						TestTargetID = D2CFA1EF2892C24600AE5981;
					};
				};
			};
			buildConfigurationList = D2CFA1EB2892C24600AE5981 /* Build configuration list for PBXProject "FinancialApp" */;
			compatibilityVersion = "Xcode 13.0";
			developmentRegion = en;
			hasScannedForEncodings = 0;
			knownRegions = (
				en,
				Base,
			);
			mainGroup = D2CFA1E72892C24600AE5981;
			packageReferences = (
				D2A03FD728984C5100EE2067 /* XCRemoteSwiftPackageReference "SwiftUIFontIcon" */,
				D2A83F3D289DAAC50094EB52 /* XCRemoteSwiftPackageReference "swift-collections" */,
				D22F233F289EF32D00FFEC38 /* XCRemoteSwiftPackageReference "ChartView" */,
			);
			productRefGroup = D2CFA1E72892C24600AE5981;
			projectDirPath = "";
			projectRoot = "";
			targets = (
				D2CFA1EF2892C24600AE5981 /* FinancialApp */,
				D2CFA1FF2892C24800AE5981 /* FinancialAppTests */,
				D2CFA2092892C24800AE5981 /* FinancialAppUITests */,
			);
		};
/* End PBXProject section */

/* Begin PBXResourcesBuildPhase section */
		D2CFA1EE2892C24600AE5981 /* Resources */ = {
			isa = PBXResourcesBuildPhase;
			buildActionMask = 2147483647;
			files = (
				D2CFA1FB2892C24800AE5981 /* Preview Assets.xcassets in Resources */,
				D2CFA1F82892C24800AE5981 /* Assets.xcassets in Resources */,
			);
			runOnlyForDeploymentPostprocessing = 0;
		};
		D2CFA1FE2892C24800AE5981 /* Resources */ = {
			isa = PBXResourcesBuildPhase;
			buildActionMask = 2147483647;
			files = (
			);
			runOnlyForDeploymentPostprocessing = 0;
		};
		D2CFA2082892C24800AE5981 /* Resources */ = {
			isa = PBXResourcesBuildPhase;
			buildActionMask = 2147483647;
			files = (
			);
			runOnlyForDeploymentPostprocessing = 0;
		};
/* End PBXResourcesBuildPhase section */

/* Begin PBXSourcesBuildPhase section */
		D2CFA1EC2892C24600AE5981 /* Sources */ = {
			isa = PBXSourcesBuildPhase;
			buildActionMask = 2147483647;
			files = (
				D246163B2944B728007D3433 /* RegisterType.swift in Sources */,
				D2B1BB7E289476700053419C /* PreviewData.swift in Sources */,
				D247CF13289A9C2600C76FB6 /* RecentTransactionList.swift in Sources */,
				D2A83F3C289D9B200094EB52 /* TransactionsList.swift in Sources */,
				D2E1B61129574F46001CC8D0 /* CategoryId.swift in Sources */,
				D20A7A8028A6DB0F0084B931 /* TransactionExpenses.swift in Sources */,
				2F43CE922938E654006BE2EC /* DropDownMenuView.swift in Sources */,
				D2B1BB7C28942B470053419C /* TransactionModel.swift in Sources */,
				D2CFA1F62892C24600AE5981 /* ContentView.swift in Sources */,
				D21030C42940037800C22201 /* CategoriesView.swift in Sources */,
				D2A03FD62897F35400EE2067 /* TransactionRow.swift in Sources */,
				D294E3B72936DDF50083DC05 /* CustomCornerModel.swift in Sources */,
				D2EAE3B628E76B0900E89B1B /* RoutePages.swift in Sources */,
				D2CFA21E289323FA00AE5981 /* Extensions.swift in Sources */,
				D24C036B295B3028003A5884 /* ModalDateView.swift in Sources */,
				D2DF62E828A40257004336D6 /* TransactionBalance.swift in Sources */,
				D2E3FE28293E69970039A486 /* ModalSheetView.swift in Sources */,
				D2D63FCB28994EFE00D9D3D3 /* TransactionListViewModel.swift in Sources */,
				D20A343328E4868800409FFE /* TransactionModal.swift in Sources */,
				D2CFA1F42892C24600AE5981 /* FinancialApp.swift in Sources */,
				D24C036F295B8225003A5884 /* DateValue.swift in Sources */,
				D287168F28E7645900ABE32F /* HomePageView.swift in Sources */,
				D23079C828B3A2B100A24D1D /* BottomNavbarItem.swift in Sources */,
			);
			runOnlyForDeploymentPostprocessing = 0;
		};
		D2CFA1FC2892C24800AE5981 /* Sources */ = {
			isa = PBXSourcesBuildPhase;
			buildActionMask = 2147483647;
			files = (
				D2CFA2052892C24800AE5981 /* FinancialAppTests.swift in Sources */,
			);
			runOnlyForDeploymentPostprocessing = 0;
		};
		D2CFA2062892C24800AE5981 /* Sources */ = {
			isa = PBXSourcesBuildPhase;
			buildActionMask = 2147483647;
			files = (
				D2CFA2112892C24800AE5981 /* FinancialAppUITestsLaunchTests.swift in Sources */,
				D2CFA20F2892C24800AE5981 /* FinancialAppUITests.swift in Sources */,
			);
			runOnlyForDeploymentPostprocessing = 0;
		};
/* End PBXSourcesBuildPhase section */

/* Begin PBXTargetDependency section */
		D2CFA2022892C24800AE5981 /* PBXTargetDependency */ = {
			isa = PBXTargetDependency;
			target = D2CFA1EF2892C24600AE5981 /* FinancialApp */;
			targetProxy = D2CFA2012892C24800AE5981 /* PBXContainerItemProxy */;
		};
		D2CFA20C2892C24800AE5981 /* PBXTargetDependency */ = {
			isa = PBXTargetDependency;
			target = D2CFA1EF2892C24600AE5981 /* FinancialApp */;
			targetProxy = D2CFA20B2892C24800AE5981 /* PBXContainerItemProxy */;
		};
/* End PBXTargetDependency section */

/* Begin XCBuildConfiguration section */
		D2CFA2122892C24800AE5981 /* Debug */ = {
			isa = XCBuildConfiguration;
			buildSettings = {
				ALWAYS_SEARCH_USER_PATHS = NO;
				CLANG_ANALYZER_NONNULL = YES;
				CLANG_ANALYZER_NUMBER_OBJECT_CONVERSION = YES_AGGRESSIVE;
				CLANG_CXX_LANGUAGE_STANDARD = "gnu++17";
				CLANG_ENABLE_MODULES = YES;
				CLANG_ENABLE_OBJC_ARC = YES;
				CLANG_ENABLE_OBJC_WEAK = YES;
				CLANG_WARN_BLOCK_CAPTURE_AUTORELEASING = YES;
				CLANG_WARN_BOOL_CONVERSION = YES;
				CLANG_WARN_COMMA = YES;
				CLANG_WARN_CONSTANT_CONVERSION = YES;
				CLANG_WARN_DEPRECATED_OBJC_IMPLEMENTATIONS = YES;
				CLANG_WARN_DIRECT_OBJC_ISA_USAGE = YES_ERROR;
				CLANG_WARN_DOCUMENTATION_COMMENTS = YES;
				CLANG_WARN_EMPTY_BODY = YES;
				CLANG_WARN_ENUM_CONVERSION = YES;
				CLANG_WARN_INFINITE_RECURSION = YES;
				CLANG_WARN_INT_CONVERSION = YES;
				CLANG_WARN_NON_LITERAL_NULL_CONVERSION = YES;
				CLANG_WARN_OBJC_IMPLICIT_RETAIN_SELF = YES;
				CLANG_WARN_OBJC_LITERAL_CONVERSION = YES;
				CLANG_WARN_OBJC_ROOT_CLASS = YES_ERROR;
				CLANG_WARN_QUOTED_INCLUDE_IN_FRAMEWORK_HEADER = YES;
				CLANG_WARN_RANGE_LOOP_ANALYSIS = YES;
				CLANG_WARN_STRICT_PROTOTYPES = YES;
				CLANG_WARN_SUSPICIOUS_MOVE = YES;
				CLANG_WARN_UNGUARDED_AVAILABILITY = YES_AGGRESSIVE;
				CLANG_WARN_UNREACHABLE_CODE = YES;
				CLANG_WARN__DUPLICATE_METHOD_MATCH = YES;
				COPY_PHASE_STRIP = NO;
				DEBUG_INFORMATION_FORMAT = dwarf;
				ENABLE_STRICT_OBJC_MSGSEND = YES;
				ENABLE_TESTABILITY = YES;
				GCC_C_LANGUAGE_STANDARD = gnu11;
				GCC_DYNAMIC_NO_PIC = NO;
				GCC_NO_COMMON_BLOCKS = YES;
				GCC_OPTIMIZATION_LEVEL = 0;
				GCC_PREPROCESSOR_DEFINITIONS = (
					"DEBUG=1",
					"$(inherited)",
				);
				GCC_WARN_64_TO_32_BIT_CONVERSION = YES;
				GCC_WARN_ABOUT_RETURN_TYPE = YES_ERROR;
				GCC_WARN_UNDECLARED_SELECTOR = YES;
				GCC_WARN_UNINITIALIZED_AUTOS = YES_AGGRESSIVE;
				GCC_WARN_UNUSED_FUNCTION = YES;
				GCC_WARN_UNUSED_VARIABLE = YES;
				IPHONEOS_DEPLOYMENT_TARGET = 15.5;
				MTL_ENABLE_DEBUG_INFO = INCLUDE_SOURCE;
				MTL_FAST_MATH = YES;
				ONLY_ACTIVE_ARCH = YES;
				SDKROOT = iphoneos;
				SWIFT_ACTIVE_COMPILATION_CONDITIONS = DEBUG;
				SWIFT_OPTIMIZATION_LEVEL = "-Onone";
			};
			name = Debug;
		};
		D2CFA2132892C24800AE5981 /* Release */ = {
			isa = XCBuildConfiguration;
			buildSettings = {
				ALWAYS_SEARCH_USER_PATHS = NO;
				CLANG_ANALYZER_NONNULL = YES;
				CLANG_ANALYZER_NUMBER_OBJECT_CONVERSION = YES_AGGRESSIVE;
				CLANG_CXX_LANGUAGE_STANDARD = "gnu++17";
				CLANG_ENABLE_MODULES = YES;
				CLANG_ENABLE_OBJC_ARC = YES;
				CLANG_ENABLE_OBJC_WEAK = YES;
				CLANG_WARN_BLOCK_CAPTURE_AUTORELEASING = YES;
				CLANG_WARN_BOOL_CONVERSION = YES;
				CLANG_WARN_COMMA = YES;
				CLANG_WARN_CONSTANT_CONVERSION = YES;
				CLANG_WARN_DEPRECATED_OBJC_IMPLEMENTATIONS = YES;
				CLANG_WARN_DIRECT_OBJC_ISA_USAGE = YES_ERROR;
				CLANG_WARN_DOCUMENTATION_COMMENTS = YES;
				CLANG_WARN_EMPTY_BODY = YES;
				CLANG_WARN_ENUM_CONVERSION = YES;
				CLANG_WARN_INFINITE_RECURSION = YES;
				CLANG_WARN_INT_CONVERSION = YES;
				CLANG_WARN_NON_LITERAL_NULL_CONVERSION = YES;
				CLANG_WARN_OBJC_IMPLICIT_RETAIN_SELF = YES;
				CLANG_WARN_OBJC_LITERAL_CONVERSION = YES;
				CLANG_WARN_OBJC_ROOT_CLASS = YES_ERROR;
				CLANG_WARN_QUOTED_INCLUDE_IN_FRAMEWORK_HEADER = YES;
				CLANG_WARN_RANGE_LOOP_ANALYSIS = YES;
				CLANG_WARN_STRICT_PROTOTYPES = YES;
				CLANG_WARN_SUSPICIOUS_MOVE = YES;
				CLANG_WARN_UNGUARDED_AVAILABILITY = YES_AGGRESSIVE;
				CLANG_WARN_UNREACHABLE_CODE = YES;
				CLANG_WARN__DUPLICATE_METHOD_MATCH = YES;
				COPY_PHASE_STRIP = NO;
				DEBUG_INFORMATION_FORMAT = "dwarf-with-dsym";
				ENABLE_NS_ASSERTIONS = NO;
				ENABLE_STRICT_OBJC_MSGSEND = YES;
				GCC_C_LANGUAGE_STANDARD = gnu11;
				GCC_NO_COMMON_BLOCKS = YES;
				GCC_WARN_64_TO_32_BIT_CONVERSION = YES;
				GCC_WARN_ABOUT_RETURN_TYPE = YES_ERROR;
				GCC_WARN_UNDECLARED_SELECTOR = YES;
				GCC_WARN_UNINITIALIZED_AUTOS = YES_AGGRESSIVE;
				GCC_WARN_UNUSED_FUNCTION = YES;
				GCC_WARN_UNUSED_VARIABLE = YES;
				IPHONEOS_DEPLOYMENT_TARGET = 15.5;
				MTL_ENABLE_DEBUG_INFO = NO;
				MTL_FAST_MATH = YES;
				SDKROOT = iphoneos;
				SWIFT_COMPILATION_MODE = wholemodule;
				SWIFT_OPTIMIZATION_LEVEL = "-O";
				VALIDATE_PRODUCT = YES;
			};
			name = Release;
		};
		D2CFA2152892C24800AE5981 /* Debug */ = {
			isa = XCBuildConfiguration;
			buildSettings = {
				ASSETCATALOG_COMPILER_APPICON_NAME = AppIcon;
				ASSETCATALOG_COMPILER_GLOBAL_ACCENT_COLOR_NAME = AccentColor;
				CODE_SIGN_STYLE = Automatic;
				CURRENT_PROJECT_VERSION = 1;
				DEVELOPMENT_ASSET_PATHS = "\"FinancialApp/Preview Content\"";
				DEVELOPMENT_TEAM = ZJ24JA23A8;
				ENABLE_PREVIEWS = YES;
				GENERATE_INFOPLIST_FILE = YES;
				INFOPLIST_KEY_UIApplicationSceneManifest_Generation = YES;
				INFOPLIST_KEY_UIApplicationSupportsIndirectInputEvents = YES;
				INFOPLIST_KEY_UILaunchScreen_Generation = YES;
				INFOPLIST_KEY_UISupportedInterfaceOrientations_iPad = "UIInterfaceOrientationPortrait UIInterfaceOrientationPortraitUpsideDown UIInterfaceOrientationLandscapeLeft UIInterfaceOrientationLandscapeRight";
				INFOPLIST_KEY_UISupportedInterfaceOrientations_iPhone = "UIInterfaceOrientationPortrait UIInterfaceOrientationLandscapeLeft UIInterfaceOrientationLandscapeRight";
				LD_RUNPATH_SEARCH_PATHS = (
					"$(inherited)",
					"@executable_path/Frameworks",
				);
				MARKETING_VERSION = 1.0;
				PRODUCT_BUNDLE_IDENTIFIER = JRSoftware.FinancialApp;
				PRODUCT_NAME = "$(TARGET_NAME)";
				SWIFT_EMIT_LOC_STRINGS = YES;
				SWIFT_VERSION = 5.0;
				TARGETED_DEVICE_FAMILY = "1,2";
			};
			name = Debug;
		};
		D2CFA2162892C24800AE5981 /* Release */ = {
			isa = XCBuildConfiguration;
			buildSettings = {
				ASSETCATALOG_COMPILER_APPICON_NAME = AppIcon;
				ASSETCATALOG_COMPILER_GLOBAL_ACCENT_COLOR_NAME = AccentColor;
				CODE_SIGN_STYLE = Automatic;
				CURRENT_PROJECT_VERSION = 1;
				DEVELOPMENT_ASSET_PATHS = "\"FinancialApp/Preview Content\"";
				DEVELOPMENT_TEAM = ZJ24JA23A8;
				ENABLE_PREVIEWS = YES;
				GENERATE_INFOPLIST_FILE = YES;
				INFOPLIST_KEY_UIApplicationSceneManifest_Generation = YES;
				INFOPLIST_KEY_UIApplicationSupportsIndirectInputEvents = YES;
				INFOPLIST_KEY_UILaunchScreen_Generation = YES;
				INFOPLIST_KEY_UISupportedInterfaceOrientations_iPad = "UIInterfaceOrientationPortrait UIInterfaceOrientationPortraitUpsideDown UIInterfaceOrientationLandscapeLeft UIInterfaceOrientationLandscapeRight";
				INFOPLIST_KEY_UISupportedInterfaceOrientations_iPhone = "UIInterfaceOrientationPortrait UIInterfaceOrientationLandscapeLeft UIInterfaceOrientationLandscapeRight";
				LD_RUNPATH_SEARCH_PATHS = (
					"$(inherited)",
					"@executable_path/Frameworks",
				);
				MARKETING_VERSION = 1.0;
				PRODUCT_BUNDLE_IDENTIFIER = JRSoftware.FinancialApp;
				PRODUCT_NAME = "$(TARGET_NAME)";
				SWIFT_EMIT_LOC_STRINGS = YES;
				SWIFT_VERSION = 5.0;
				TARGETED_DEVICE_FAMILY = "1,2";
			};
			name = Release;
		};
		D2CFA2182892C24800AE5981 /* Debug */ = {
			isa = XCBuildConfiguration;
			buildSettings = {
				ALWAYS_EMBED_SWIFT_STANDARD_LIBRARIES = YES;
				BUNDLE_LOADER = "$(TEST_HOST)";
				CODE_SIGN_STYLE = Automatic;
				CURRENT_PROJECT_VERSION = 1;
				DEVELOPMENT_TEAM = ZJ24JA23A8;
				GENERATE_INFOPLIST_FILE = YES;
				IPHONEOS_DEPLOYMENT_TARGET = 15.5;
				MARKETING_VERSION = 1.0;
				PRODUCT_BUNDLE_IDENTIFIER = JRSoftware.FinancialAppTests;
				PRODUCT_NAME = "$(TARGET_NAME)";
				SWIFT_EMIT_LOC_STRINGS = NO;
				SWIFT_VERSION = 5.0;
				TARGETED_DEVICE_FAMILY = "1,2";
				TEST_HOST = "$(BUILT_PRODUCTS_DIR)/FinancialApp.app/FinancialApp";
			};
			name = Debug;
		};
		D2CFA2192892C24800AE5981 /* Release */ = {
			isa = XCBuildConfiguration;
			buildSettings = {
				ALWAYS_EMBED_SWIFT_STANDARD_LIBRARIES = YES;
				BUNDLE_LOADER = "$(TEST_HOST)";
				CODE_SIGN_STYLE = Automatic;
				CURRENT_PROJECT_VERSION = 1;
				DEVELOPMENT_TEAM = ZJ24JA23A8;
				GENERATE_INFOPLIST_FILE = YES;
				IPHONEOS_DEPLOYMENT_TARGET = 15.5;
				MARKETING_VERSION = 1.0;
				PRODUCT_BUNDLE_IDENTIFIER = JRSoftware.FinancialAppTests;
				PRODUCT_NAME = "$(TARGET_NAME)";
				SWIFT_EMIT_LOC_STRINGS = NO;
				SWIFT_VERSION = 5.0;
				TARGETED_DEVICE_FAMILY = "1,2";
				TEST_HOST = "$(BUILT_PRODUCTS_DIR)/FinancialApp.app/FinancialApp";
			};
			name = Release;
		};
		D2CFA21B2892C24800AE5981 /* Debug */ = {
			isa = XCBuildConfiguration;
			buildSettings = {
				ALWAYS_EMBED_SWIFT_STANDARD_LIBRARIES = YES;
				CODE_SIGN_STYLE = Automatic;
				CURRENT_PROJECT_VERSION = 1;
				DEVELOPMENT_TEAM = ZJ24JA23A8;
				GENERATE_INFOPLIST_FILE = YES;
				MARKETING_VERSION = 1.0;
				PRODUCT_BUNDLE_IDENTIFIER = JRSoftware.FinancialAppUITests;
				PRODUCT_NAME = "$(TARGET_NAME)";
				SWIFT_EMIT_LOC_STRINGS = NO;
				SWIFT_VERSION = 5.0;
				TARGETED_DEVICE_FAMILY = "1,2";
				TEST_TARGET_NAME = FinancialApp;
			};
			name = Debug;
		};
		D2CFA21C2892C24800AE5981 /* Release */ = {
			isa = XCBuildConfiguration;
			buildSettings = {
				ALWAYS_EMBED_SWIFT_STANDARD_LIBRARIES = YES;
				CODE_SIGN_STYLE = Automatic;
				CURRENT_PROJECT_VERSION = 1;
				DEVELOPMENT_TEAM = ZJ24JA23A8;
				GENERATE_INFOPLIST_FILE = YES;
				MARKETING_VERSION = 1.0;
				PRODUCT_BUNDLE_IDENTIFIER = JRSoftware.FinancialAppUITests;
				PRODUCT_NAME = "$(TARGET_NAME)";
				SWIFT_EMIT_LOC_STRINGS = NO;
				SWIFT_VERSION = 5.0;
				TARGETED_DEVICE_FAMILY = "1,2";
				TEST_TARGET_NAME = FinancialApp;
			};
			name = Release;
		};
/* End XCBuildConfiguration section */

/* Begin XCConfigurationList section */
		D2CFA1EB2892C24600AE5981 /* Build configuration list for PBXProject "FinancialApp" */ = {
			isa = XCConfigurationList;
			buildConfigurations = (
				D2CFA2122892C24800AE5981 /* Debug */,
				D2CFA2132892C24800AE5981 /* Release */,
			);
			defaultConfigurationIsVisible = 0;
			defaultConfigurationName = Release;
		};
		D2CFA2142892C24800AE5981 /* Build configuration list for PBXNativeTarget "FinancialApp" */ = {
			isa = XCConfigurationList;
			buildConfigurations = (
				D2CFA2152892C24800AE5981 /* Debug */,
				D2CFA2162892C24800AE5981 /* Release */,
			);
			defaultConfigurationIsVisible = 0;
			defaultConfigurationName = Release;
		};
		D2CFA2172892C24800AE5981 /* Build configuration list for PBXNativeTarget "FinancialAppTests" */ = {
			isa = XCConfigurationList;
			buildConfigurations = (
				D2CFA2182892C24800AE5981 /* Debug */,
				D2CFA2192892C24800AE5981 /* Release */,
			);
			defaultConfigurationIsVisible = 0;
			defaultConfigurationName = Release;
		};
		D2CFA21A2892C24800AE5981 /* Build configuration list for PBXNativeTarget "FinancialAppUITests" */ = {
			isa = XCConfigurationList;
			buildConfigurations = (
				D2CFA21B2892C24800AE5981 /* Debug */,
				D2CFA21C2892C24800AE5981 /* Release */,
			);
			defaultConfigurationIsVisible = 0;
			defaultConfigurationName = Release;
		};
/* End XCConfigurationList section */

/* Begin XCRemoteSwiftPackageReference section */
		D22F233F289EF32D00FFEC38 /* XCRemoteSwiftPackageReference "ChartView" */ = {
			isa = XCRemoteSwiftPackageReference;
			repositoryURL = "https://github.com/AppPear/ChartView";
			requirement = {
				kind = exactVersion;
				version = "2.0.0-beta.2";
			};
		};
		D2A03FD728984C5100EE2067 /* XCRemoteSwiftPackageReference "SwiftUIFontIcon" */ = {
			isa = XCRemoteSwiftPackageReference;
			repositoryURL = "https://github.com/huybuidac/SwiftUIFontIcon";
			requirement = {
				branch = master;
				kind = branch;
			};
		};
		D2A83F3D289DAAC50094EB52 /* XCRemoteSwiftPackageReference "swift-collections" */ = {
			isa = XCRemoteSwiftPackageReference;
			repositoryURL = "https://github.com/apple/swift-collections.git";
			requirement = {
				kind = upToNextMajorVersion;
				minimumVersion = 1.0.2;
			};
		};
/* End XCRemoteSwiftPackageReference section */

/* Begin XCSwiftPackageProductDependency section */
		D22F2340289EF32D00FFEC38 /* SwiftUICharts */ = {
			isa = XCSwiftPackageProductDependency;
			package = D22F233F289EF32D00FFEC38 /* XCRemoteSwiftPackageReference "ChartView" */;
			productName = SwiftUICharts;
		};
		D2A03FD828984C5100EE2067 /* SwiftUIFontIcon */ = {
			isa = XCSwiftPackageProductDependency;
			package = D2A03FD728984C5100EE2067 /* XCRemoteSwiftPackageReference "SwiftUIFontIcon" */;
			productName = SwiftUIFontIcon;
		};
		D2A83F3E289DAAC50094EB52 /* Collections */ = {
			isa = XCSwiftPackageProductDependency;
			package = D2A83F3D289DAAC50094EB52 /* XCRemoteSwiftPackageReference "swift-collections" */;
			productName = Collections;
		};
/* End XCSwiftPackageProductDependency section */
	};
	rootObject = D2CFA1E82892C24600AE5981 /* Project object */;
}
